
Microsoft Visual Studio Solution File, Format Version 12.00
# Visual Studio Version 17
VisualStudioVersion = 17.13.35806.99 d17.13
MinimumVisualStudioVersion = 10.0.40219.1
Project("{FAE04EC0-301F-11D3-BF4B-00C04F79EFBC}") = "One Piece TCG API", "One Piece TCG API\One Piece TCG API.csproj", "{49CF120D-2CF1-4955-82D1-91F97C4C6740}"
EndProject
Global
	GlobalSection(SolutionConfigurationPlatforms) = preSolution
		Debug|Any CPU = Debug|Any CPU
		Release|Any CPU = Release|Any CPU
	EndGlobalSection
	GlobalSection(ProjectConfigurationPlatforms) = postSolution
		{49CF120D-2CF1-4955-82D1-91F97C4C6740}.Debug|Any CPU.ActiveCfg = Debug|Any CPU
		{49CF120D-2CF1-4955-82D1-91F97C4C6740}.Debug|Any CPU.Build.0 = Debug|Any CPU
		{49CF120D-2CF1-4955-82D1-91F97C4C6740}.Release|Any CPU.ActiveCfg = Release|Any CPU
		{49CF120D-2CF1-4955-82D1-91F97C4C6740}.Release|Any CPU.Build.0 = Release|Any CPU
	EndGlobalSection
	GlobalSection(SolutionProperties) = preSolution
		HideSolutionNode = FALSE
	EndGlobalSection
	GlobalSection(ExtensibilityGlobals) = postSolution
		SolutionGuid = {5C54F30D-B2E9-4C18-A9D8-8AE8AAB9217F}
	EndGlobalSection
EndGlobal
